
Microsoft Visual Studio Solution File, Format Version 12.00
# Visual Studio Version 16
VisualStudioVersion = 16.0.31220.234
MinimumVisualStudioVersion = 10.0.40219.1
Project("{FAE04EC0-301F-11D3-BF4B-00C04F79EFBC}") = "Lawyers informations reporter", "Lawyers informations reporter\Lawyers informations reporter.csproj", "{DF61E60E-D978-4266-9BB4-6113E47B9E86}"
EndProject
Global
	GlobalSection(SolutionConfigurationPlatforms) = preSolution
		Debug|Any CPU = Debug|Any CPU
		Release|Any CPU = Release|Any CPU
	EndGlobalSection
	GlobalSection(ProjectConfigurationPlatforms) = postSolution
		{DF61E60E-D978-4266-9BB4-6113E47B9E86}.Debug|Any CPU.ActiveCfg = Debug|Any CPU
		{DF61E60E-D978-4266-9BB4-6113E47B9E86}.Debug|Any CPU.Build.0 = Debug|Any CPU
		{DF61E60E-D978-4266-9BB4-6113E47B9E86}.Release|Any CPU.ActiveCfg = Release|Any CPU
		{DF61E60E-D978-4266-9BB4-6113E47B9E86}.Release|Any CPU.Build.0 = Release|Any CPU
	EndGlobalSection
	GlobalSection(SolutionProperties) = preSolution
		HideSolutionNode = FALSE
	EndGlobalSection
	GlobalSection(ExtensibilityGlobals) = postSolution
		SolutionGuid = {6B56CC61-F725-4BD9-8AD4-37A3516A5659}
	EndGlobalSection
EndGlobal
